
Microsoft Visual Studio Solution File, Format Version 12.00
# Visual Studio Version 16
VisualStudioVersion = 16.0.30114.105
MinimumVisualStudioVersion = 10.0.40219.1
Project("{FAE04EC0-301F-11D3-BF4B-00C04F79EFBC}") = "RestApiTest", "RestApiTest\RestApiTest.csproj", "{F28AA776-963B-4A2D-B92C-2ECE486196BD}"
EndProject
Global
	GlobalSection(SolutionConfigurationPlatforms) = preSolution
		Debug|Any CPU = Debug|Any CPU
		Release|Any CPU = Release|Any CPU
	EndGlobalSection
	GlobalSection(ProjectConfigurationPlatforms) = postSolution
		{F28AA776-963B-4A2D-B92C-2ECE486196BD}.Debug|Any CPU.ActiveCfg = Debug|Any CPU
		{F28AA776-963B-4A2D-B92C-2ECE486196BD}.Debug|Any CPU.Build.0 = Debug|Any CPU
		{F28AA776-963B-4A2D-B92C-2ECE486196BD}.Release|Any CPU.ActiveCfg = Release|Any CPU
		{F28AA776-963B-4A2D-B92C-2ECE486196BD}.Release|Any CPU.Build.0 = Release|Any CPU
	EndGlobalSection
	GlobalSection(SolutionProperties) = preSolution
		HideSolutionNode = FALSE
	EndGlobalSection
	GlobalSection(ExtensibilityGlobals) = postSolution
		SolutionGuid = {7CC16329-602D-45ED-B0E4-FD6E878D6665}
	EndGlobalSection
EndGlobal
